
Microsoft Visual Studio Solution File, Format Version 12.00
# Visual Studio Version 17
VisualStudioVersion = 17.2.32630.192
MinimumVisualStudioVersion = 10.0.40219.1
Project("{9A19103F-16F7-4668-BE54-9A1E7A4F7556}") = "asseco-pfm", "asseco-pfm\asseco-pfm.csproj", "{7275BD9B-BCFD-45E2-AAC3-F84DB2FEE4E7}"
EndProject
Global
	GlobalSection(SolutionConfigurationPlatforms) = preSolution
		Debug|Any CPU = Debug|Any CPU
		Release|Any CPU = Release|Any CPU
	EndGlobalSection
	GlobalSection(ProjectConfigurationPlatforms) = postSolution
		{7275BD9B-BCFD-45E2-AAC3-F84DB2FEE4E7}.Debug|Any CPU.ActiveCfg = Debug|Any CPU
		{7275BD9B-BCFD-45E2-AAC3-F84DB2FEE4E7}.Debug|Any CPU.Build.0 = Debug|Any CPU
		{7275BD9B-BCFD-45E2-AAC3-F84DB2FEE4E7}.Release|Any CPU.ActiveCfg = Release|Any CPU
		{7275BD9B-BCFD-45E2-AAC3-F84DB2FEE4E7}.Release|Any CPU.Build.0 = Release|Any CPU
	EndGlobalSection
	GlobalSection(SolutionProperties) = preSolution
		HideSolutionNode = FALSE
	EndGlobalSection
	GlobalSection(ExtensibilityGlobals) = postSolution
		SolutionGuid = {D535207C-FA2B-4469-9113-64B01E8F2567}
	EndGlobalSection
EndGlobal
